
Microsoft Visual Studio Solution File, Format Version 12.00
# Visual Studio Version 16
VisualStudioVersion = 16.0.29709.97
MinimumVisualStudioVersion = 10.0.40219.1
Project("{FAE04EC0-301F-11D3-BF4B-00C04F79EFBC}") = "DbFirst", "DbFirst\DbFirst.csproj", "{03281DC8-5D22-4E85-B164-DBA9E86D9912}"
EndProject
Global
	GlobalSection(SolutionConfigurationPlatforms) = preSolution
		Debug|Any CPU = Debug|Any CPU
		Release|Any CPU = Release|Any CPU
	EndGlobalSection
	GlobalSection(ProjectConfigurationPlatforms) = postSolution
		{03281DC8-5D22-4E85-B164-DBA9E86D9912}.Debug|Any CPU.ActiveCfg = Debug|Any CPU
		{03281DC8-5D22-4E85-B164-DBA9E86D9912}.Debug|Any CPU.Build.0 = Debug|Any CPU
		{03281DC8-5D22-4E85-B164-DBA9E86D9912}.Release|Any CPU.ActiveCfg = Release|Any CPU
		{03281DC8-5D22-4E85-B164-DBA9E86D9912}.Release|Any CPU.Build.0 = Release|Any CPU
	EndGlobalSection
	GlobalSection(SolutionProperties) = preSolution
		HideSolutionNode = FALSE
	EndGlobalSection
	GlobalSection(ExtensibilityGlobals) = postSolution
		SolutionGuid = {7EDA41BB-4E05-413A-A68B-902BF7BDDF4D}
	EndGlobalSection
EndGlobal
